
Microsoft Visual Studio Solution File, Format Version 12.00
# Visual Studio 15
VisualStudioVersion = 15.0.28307.271
MinimumVisualStudioVersion = 10.0.40219.1
Project("{FAE04EC0-301F-11D3-BF4B-00C04F79EFBC}") = "Alarm.IOs", "Alarm.IOs\Alarm.IOs.csproj", "{80A96B52-6758-4BDB-B0B4-CEA4CA155C60}"
EndProject
Project("{FAE04EC0-301F-11D3-BF4B-00C04F79EFBC}") = "Alarm.Core", "Alarm.Core\Alarm.Core.csproj", "{BFAF1255-4584-4E4A-A131-D78A81FEF65B}"
EndProject
Global
	GlobalSection(SolutionConfigurationPlatforms) = preSolution
		Debug|Any CPU = Debug|Any CPU
		Debug|iPhone = Debug|iPhone
		Debug|iPhoneSimulator = Debug|iPhoneSimulator
		Release|Any CPU = Release|Any CPU
		Release|iPhone = Release|iPhone
		Release|iPhoneSimulator = Release|iPhoneSimulator
	EndGlobalSection
	GlobalSection(ProjectConfigurationPlatforms) = postSolution
		{80A96B52-6758-4BDB-B0B4-CEA4CA155C60}.Debug|Any CPU.ActiveCfg = Debug|iPhoneSimulator
		{80A96B52-6758-4BDB-B0B4-CEA4CA155C60}.Debug|iPhone.ActiveCfg = Debug|iPhone
		{80A96B52-6758-4BDB-B0B4-CEA4CA155C60}.Debug|iPhone.Build.0 = Debug|iPhone
		{80A96B52-6758-4BDB-B0B4-CEA4CA155C60}.Debug|iPhoneSimulator.ActiveCfg = Debug|iPhoneSimulator
		{80A96B52-6758-4BDB-B0B4-CEA4CA155C60}.Debug|iPhoneSimulator.Build.0 = Debug|iPhoneSimulator
		{80A96B52-6758-4BDB-B0B4-CEA4CA155C60}.Release|Any CPU.ActiveCfg = Release|iPhoneSimulator
		{80A96B52-6758-4BDB-B0B4-CEA4CA155C60}.Release|iPhone.ActiveCfg = Release|iPhone
		{80A96B52-6758-4BDB-B0B4-CEA4CA155C60}.Release|iPhone.Build.0 = Release|iPhone
		{80A96B52-6758-4BDB-B0B4-CEA4CA155C60}.Release|iPhoneSimulator.ActiveCfg = Release|iPhoneSimulator
		{80A96B52-6758-4BDB-B0B4-CEA4CA155C60}.Release|iPhoneSimulator.Build.0 = Release|iPhoneSimulator
		{BFAF1255-4584-4E4A-A131-D78A81FEF65B}.Debug|Any CPU.ActiveCfg = Debug|Any CPU
		{BFAF1255-4584-4E4A-A131-D78A81FEF65B}.Debug|Any CPU.Build.0 = Debug|Any CPU
		{BFAF1255-4584-4E4A-A131-D78A81FEF65B}.Debug|iPhone.ActiveCfg = Debug|Any CPU
		{BFAF1255-4584-4E4A-A131-D78A81FEF65B}.Debug|iPhone.Build.0 = Debug|Any CPU
		{BFAF1255-4584-4E4A-A131-D78A81FEF65B}.Debug|iPhoneSimulator.ActiveCfg = Debug|Any CPU
		{BFAF1255-4584-4E4A-A131-D78A81FEF65B}.Debug|iPhoneSimulator.Build.0 = Debug|Any CPU
		{BFAF1255-4584-4E4A-A131-D78A81FEF65B}.Release|Any CPU.ActiveCfg = Release|Any CPU
		{BFAF1255-4584-4E4A-A131-D78A81FEF65B}.Release|Any CPU.Build.0 = Release|Any CPU
		{BFAF1255-4584-4E4A-A131-D78A81FEF65B}.Release|iPhone.ActiveCfg = Release|Any CPU
		{BFAF1255-4584-4E4A-A131-D78A81FEF65B}.Release|iPhone.Build.0 = Release|Any CPU
		{BFAF1255-4584-4E4A-A131-D78A81FEF65B}.Release|iPhoneSimulator.ActiveCfg = Release|Any CPU
		{BFAF1255-4584-4E4A-A131-D78A81FEF65B}.Release|iPhoneSimulator.Build.0 = Release|Any CPU
	EndGlobalSection
	GlobalSection(SolutionProperties) = preSolution
		HideSolutionNode = FALSE
	EndGlobalSection
	GlobalSection(ExtensibilityGlobals) = postSolution
		SolutionGuid = {B93F893D-DFAB-4E26-B818-E1498DF246B3}
	EndGlobalSection
EndGlobal
